
Microsoft Visual Studio Solution File, Format Version 12.00
# Visual Studio Version 16
VisualStudioVersion = 16.0.29709.97
MinimumVisualStudioVersion = 10.0.40219.1
Project("{FAE04EC0-301F-11D3-BF4B-00C04F79EFBC}") = "Alg_LR_1", "Alg_LR_1\Alg_LR_1.csproj", "{FA7C9AF9-48E6-4BE7-ACE7-9CF74E226D8E}"
EndProject
Global
	GlobalSection(SolutionConfigurationPlatforms) = preSolution
		Debug|Any CPU = Debug|Any CPU
		Release|Any CPU = Release|Any CPU
	EndGlobalSection
	GlobalSection(ProjectConfigurationPlatforms) = postSolution
		{FA7C9AF9-48E6-4BE7-ACE7-9CF74E226D8E}.Debug|Any CPU.ActiveCfg = Debug|Any CPU
		{FA7C9AF9-48E6-4BE7-ACE7-9CF74E226D8E}.Debug|Any CPU.Build.0 = Debug|Any CPU
		{FA7C9AF9-48E6-4BE7-ACE7-9CF74E226D8E}.Release|Any CPU.ActiveCfg = Release|Any CPU
		{FA7C9AF9-48E6-4BE7-ACE7-9CF74E226D8E}.Release|Any CPU.Build.0 = Release|Any CPU
	EndGlobalSection
	GlobalSection(SolutionProperties) = preSolution
		HideSolutionNode = FALSE
	EndGlobalSection
	GlobalSection(ExtensibilityGlobals) = postSolution
		SolutionGuid = {8C351B39-05CD-4A9C-BB95-018233F09C20}
	EndGlobalSection
EndGlobal
